
Microsoft Visual Studio Solution File, Format Version 12.00
# Visual Studio Version 17
VisualStudioVersion = 17.0.32126.317
MinimumVisualStudioVersion = 10.0.40219.1
Project("{9A19103F-16F7-4668-BE54-9A1E7A4F7556}") = "FinancialChat.Application", "FinancialChat.Application\FinancialChat.Application.csproj", "{83095BAA-9C41-4194-87F0-AF025D132484}"
EndProject
Project("{FAE04EC0-301F-11D3-BF4B-00C04F79EFBC}") = "FinancialChat.Web", "FinancialChat.Web\FinancialChat.Web.csproj", "{F42A20AB-07D6-43FE-BCA2-09C98A5E8BF4}"
EndProject
Global
	GlobalSection(SolutionConfigurationPlatforms) = preSolution
		Debug|Any CPU = Debug|Any CPU
		Release|Any CPU = Release|Any CPU
	EndGlobalSection
	GlobalSection(ProjectConfigurationPlatforms) = postSolution
		{83095BAA-9C41-4194-87F0-AF025D132484}.Debug|Any CPU.ActiveCfg = Debug|Any CPU
		{83095BAA-9C41-4194-87F0-AF025D132484}.Debug|Any CPU.Build.0 = Debug|Any CPU
		{83095BAA-9C41-4194-87F0-AF025D132484}.Release|Any CPU.ActiveCfg = Release|Any CPU
		{83095BAA-9C41-4194-87F0-AF025D132484}.Release|Any CPU.Build.0 = Release|Any CPU
		{F42A20AB-07D6-43FE-BCA2-09C98A5E8BF4}.Debug|Any CPU.ActiveCfg = Debug|Any CPU
		{F42A20AB-07D6-43FE-BCA2-09C98A5E8BF4}.Debug|Any CPU.Build.0 = Debug|Any CPU
		{F42A20AB-07D6-43FE-BCA2-09C98A5E8BF4}.Release|Any CPU.ActiveCfg = Release|Any CPU
		{F42A20AB-07D6-43FE-BCA2-09C98A5E8BF4}.Release|Any CPU.Build.0 = Release|Any CPU
	EndGlobalSection
	GlobalSection(SolutionProperties) = preSolution
		HideSolutionNode = FALSE
	EndGlobalSection
	GlobalSection(ExtensibilityGlobals) = postSolution
		SolutionGuid = {BB6F72D3-C906-4477-93BC-3200D6401560}
	EndGlobalSection
EndGlobal
